# THIS IS AN AUTOGENERATED FILE. DO NOT EDIT THIS FILE DIRECTLY.
# yarn lockfile v1


"adler-32@~1.3.0":
  "integrity" "sha512-ynZ4w/nUUv5rrsR8UUGoe1VC9hZj6V5hU9Qw1HlMDJGEJw5S7TfTErWTjMys6M7vr0YWcPqs3qAr4ss0nDfP+A=="
  "resolved" "https://r.cnpmjs.org/adler-32/-/adler-32-1.3.1.tgz"
  "version" "1.3.1"

"bignumber.js@9.0.0":
  "integrity" "sha512-t/OYhhJ2SD+YGBQcjY8GzzDHEk9f3nerxjtfa6tlMXfe7frs/WozhvCNoGvpM0P3bNf3Gq5ZRMlGr5f3r4/N8A=="
  "resolved" "https://registry.npmmirror.com/bignumber.js/-/bignumber.js-9.0.0.tgz"
  "version" "9.0.0"

"cfb@~1.2.1":
  "integrity" "sha512-KfdUZsSOw19/ObEWasvBP/Ac4reZvAGauZhs6S/gqNhXhI7cKwvlH7ulj+dOEYnca4bm4SGo8C1bTAQvnTjgQA=="
  "resolved" "https://r.cnpmjs.org/cfb/-/cfb-1.2.2.tgz"
  "version" "1.2.2"
  dependencies:
    "adler-32" "~1.3.0"
    "crc-32" "~1.2.0"

"codepage@~1.15.0":
  "integrity" "sha512-3g6NUTPd/YtuuGrhMnOMRjFc+LJw/bnMp3+0r/Wcz3IXUuCosKRJvMphm5+Q+bvTVGcJJuRvVLuYba+WojaFaA=="
  "resolved" "https://r2.cnpmjs.org/codepage/-/codepage-1.15.0.tgz"
  "version" "1.15.0"

"core-util-is@~1.0.0":
  "integrity" "sha512-ZQBvi1DcpJ4GDqanjucZ2Hj3wEO5pZDS89BWbkcrvdxksJorwUDDZamX9ldFkp9aw2lmBDLgkObEA4DWNJ9FYQ=="
  "resolved" "https://registry.npmmirror.com/core-util-is/-/core-util-is-1.0.3.tgz"
  "version" "1.0.3"

"crc-32@~1.2.0", "crc-32@~1.2.1":
  "integrity" "sha512-ROmzCKrTnOwybPcJApAA6WBWij23HVfGVNKqqrZpuyZOHqK2CwHSvpGuyt/UNNvaIjEd8X5IFGp4Mh+Ie1IHJQ=="
  "resolved" "https://r.cnpmjs.org/crc-32/-/crc-32-1.2.2.tgz"
  "version" "1.2.2"

"frac@~1.1.2":
  "integrity" "sha512-w/XBfkibaTl3YDqASwfDUqkna4Z2p9cFSr1aHDt0WoMTECnRfBOv2WArlZILlqgWlmdIlALXGpM2AOhEk5W3IA=="
  "resolved" "https://r2.cnpmjs.org/frac/-/frac-1.1.2.tgz"
  "version" "1.1.2"

"inherits@~2.0.3":
  "integrity" "sha512-k/vGaX4/Yla3WzyMCvTQOXYeIHvqOKtnqBduzTHpzpQZzAskKMhZ2K+EnBiSM9zGSoIFeMpXKxa4dYeZIQqewQ=="
  "resolved" "https://registry.npmmirror.com/inherits/-/inherits-2.0.4.tgz"
  "version" "2.0.4"

"isarray@~1.0.0":
  "integrity" "sha512-VLghIWNM6ELQzo7zwmcg0NmTVyWKYjvIeM83yjp0wRDTmUnrM678fQbcKBo6n2CJEF0szoG//ytg+TKla89ALQ=="
  "resolved" "https://registry.npmmirror.com/isarray/-/isarray-1.0.0.tgz"
  "version" "1.0.0"

"mysql@^2.18.1":
  "integrity" "sha512-Bca+gk2YWmqp2Uf6k5NFEurwY/0td0cpebAucFpY/3jhrwrVGuxU2uQFCHjU19SJfje0yQvi+rVWdq78hR5lig=="
  "resolved" "https://registry.npmmirror.com/mysql/-/mysql-2.18.1.tgz"
  "version" "2.18.1"
  dependencies:
    "bignumber.js" "9.0.0"
    "readable-stream" "2.3.7"
    "safe-buffer" "5.1.2"
    "sqlstring" "2.3.1"

"node-xlsx@^0.23.0":
  "integrity" "sha512-r3KaSZSsSrK92rbPXnX/vDdxURmPPik0rjJ3A+Pybzpjyrk4G6WyGfj8JIz5dMMEpCmWVpmO4qoVPBxnpLv/8Q=="
  "resolved" "https://registry.npmmirror.com/node-xlsx/-/node-xlsx-0.23.0.tgz"
  "version" "0.23.0"
  dependencies:
    "xlsx" "https://cdn.sheetjs.com/xlsx-0.19.3/xlsx-0.19.3.tgz"

"process-nextick-args@~2.0.0":
  "integrity" "sha512-3ouUOpQhtgrbOa17J7+uxOTpITYWaGP7/AhoR3+A+/1e9skrzelGi/dXzEYyvbxubEF6Wn2ypscTKiKJFFn1ag=="
  "resolved" "https://registry.npmmirror.com/process-nextick-args/-/process-nextick-args-2.0.1.tgz"
  "version" "2.0.1"

"readable-stream@2.3.7":
  "integrity" "sha512-Ebho8K4jIbHAxnuxi7o42OrZgF/ZTNcsZj6nRKyUmkhLFq8CHItp/fy6hQZuZmP/n3yZ9VBUbp4zz/mX8hmYPw=="
  "resolved" "https://registry.npmmirror.com/readable-stream/-/readable-stream-2.3.7.tgz"
  "version" "2.3.7"
  dependencies:
    "core-util-is" "~1.0.0"
    "inherits" "~2.0.3"
    "isarray" "~1.0.0"
    "process-nextick-args" "~2.0.0"
    "safe-buffer" "~5.1.1"
    "string_decoder" "~1.1.1"
    "util-deprecate" "~1.0.1"

"safe-buffer@~5.1.0", "safe-buffer@~5.1.1", "safe-buffer@5.1.2":
  "integrity" "sha512-Gd2UZBJDkXlY7GbJxfsE8/nvKkUEU1G38c1siN6QP6a9PT9MmHB8GnpscSmMJSoF8LOIrt8ud/wPtojys4G6+g=="
  "resolved" "https://registry.npmmirror.com/safe-buffer/-/safe-buffer-5.1.2.tgz"
  "version" "5.1.2"

"sqlstring@2.3.1":
  "integrity" "sha512-ooAzh/7dxIG5+uDik1z/Rd1vli0+38izZhGzSa34FwR7IbelPWCCKSNIl8jlL/F7ERvy8CB2jNeM1E9i9mXMAQ=="
  "resolved" "https://registry.npmmirror.com/sqlstring/-/sqlstring-2.3.1.tgz"
  "version" "2.3.1"

"ssf@~0.11.2":
  "integrity" "sha512-+idbmIXoYET47hH+d7dfm2epdOMUDjqcB4648sTZ+t2JwoyBFL/insLfB/racrDmsKB3diwsDA696pZMieAC5g=="
  "resolved" "https://r2.cnpmjs.org/ssf/-/ssf-0.11.2.tgz"
  "version" "0.11.2"
  dependencies:
    "frac" "~1.1.2"

"string_decoder@~1.1.1":
  "integrity" "sha512-n/ShnvDi6FHbbVfviro+WojiFzv+s8MPMHBczVePfUpDJLwoLT0ht1l4YwBCbi8pJAveEEdnkHyPyTP/mzRfwg=="
  "resolved" "https://registry.npmmirror.com/string_decoder/-/string_decoder-1.1.1.tgz"
  "version" "1.1.1"
  dependencies:
    "safe-buffer" "~5.1.0"

"util-deprecate@~1.0.1":
  "integrity" "sha512-EPD5q1uXyFxJpCrLnCc1nHnq3gOa6DZBocAIiI2TaSCA7VCJ1UJDMagCzIkXNsUYfD1daK//LTEQ8xiIbrHtcw=="
  "resolved" "https://registry.npmmirror.com/util-deprecate/-/util-deprecate-1.0.2.tgz"
  "version" "1.0.2"

"wmf@~1.0.1":
  "integrity" "sha512-/p9K7bEh0Dj6WbXg4JG0xvLQmIadrner1bi45VMJTfnbVHsc7yIajZyoSoK60/dtVBs12Fm6WkUI5/3WAVsNMw=="
  "resolved" "https://r2.cnpmjs.org/wmf/-/wmf-1.0.2.tgz"
  "version" "1.0.2"

"word@~0.3.0":
  "integrity" "sha512-OELeY0Q61OXpdUfTp+oweA/vtLVg5VDOXh+3he3PNzLGG/y0oylSOC1xRVj0+l4vQ3tj/bB1HVHv1ocXkQceFA=="
  "resolved" "https://r2.cnpmjs.org/word/-/word-0.3.0.tgz"
  "version" "0.3.0"

"xlsx@^0.18.5":
  "integrity" "sha512-dmg3LCjBPHZnQp5/F/+nnTa+miPJxUXB6vtk42YjBBKayDNagxGEeIdWApkYPOf3Z3pm3k62Knjzp7lMeTEtFQ=="
  "resolved" "https://r.cnpmjs.org/xlsx/-/xlsx-0.18.5.tgz"
  "version" "0.18.5"
  dependencies:
    "adler-32" "~1.3.0"
    "cfb" "~1.2.1"
    "codepage" "~1.15.0"
    "crc-32" "~1.2.1"
    "ssf" "~0.11.2"
    "wmf" "~1.0.1"
    "word" "~0.3.0"

"xlsx@https://cdn.sheetjs.com/xlsx-0.19.3/xlsx-0.19.3.tgz":
  "integrity" "sha512-8IfgFctB7fkvqkTGF2MnrDrC6vzE28Wcc1aSbdDQ+4/WFtzfS73YuapbuaPZwGqpR2e0EeDMIrFOJubQVLWFNA=="
  "resolved" "https://cdn.sheetjs.com/xlsx-0.19.3/xlsx-0.19.3.tgz"
  "version" "0.19.3"
